{
  "originHash" : "00136ac1c40f117295462c960b78e0b1ced8bd98d9dcf3669da841309e27fb0e",
  "pins" : [
    {
      "identity" : "economics",
      "kind" : "remoteSourceControl",
      "location" : "https://github.com/leviouwendijk/Economics.git",
      "state" : {
        "branch" : "master",
        "revision" : "2e34543f3bf20efc0ceb245ac886ac7d63305f06"
      }
    },
    {
      "identity" : "interfaces",
      "kind" : "remoteSourceControl",
      "location" : "https://github.com/leviouwendijk/Interfaces.git",
      "state" : {
        "branch" : "master",
        "revision" : "126fa621c724beb650f715511903aefc9ec01d15"
      }
    },
    {
      "identity" : "plate",
      "kind" : "remoteSourceControl",
      "location" : "https://github.com/leviouwendijk/plate.git",
      "state" : {
        "branch" : "master",
        "revision" : "35e146b69bc30566f3ddb51138b290a671003051"
      }
    },
    {
      "identity" : "structures",
      "kind" : "remoteSourceControl",
      "location" : "https://github.com/leviouwendijk/Structures.git",
      "state" : {
        "branch" : "master",
        "revision" : "6b8b3be6fb2dd8fa6f71e0ed5e24bc79abe4cacd"
      }
    }
  ],
  "version" : 3
}
