{
  "originHash" : "aac7dddeb4a41223b3c4c50d43ce5396b81d9ee4f7e40468e140494cdbb4ae11",
  "pins" : [
    {
      "identity" : "commerce",
      "kind" : "remoteSourceControl",
      "location" : "https://github.com/leviouwendijk/Commerce.git",
      "state" : {
        "branch" : "master",
        "revision" : "2fbd84458c4a1c07e14e633587f21836569b3e99"
      }
    },
    {
      "identity" : "economics",
      "kind" : "remoteSourceControl",
      "location" : "https://github.com/leviouwendijk/Economics.git",
      "state" : {
        "branch" : "master",
        "revision" : "379ead15beebebf4d3850418baaa0c1f9aff226d"
      }
    },
    {
      "identity" : "extensions",
      "kind" : "remoteSourceControl",
      "location" : "https://github.com/leviouwendijk/Extensions.git",
      "state" : {
        "branch" : "master",
        "revision" : "3310d463b1bc509cccd8e75f0acc221e153f5dff"
      }
    },
    {
      "identity" : "interfaces",
      "kind" : "remoteSourceControl",
      "location" : "https://github.com/leviouwendijk/Interfaces.git",
      "state" : {
        "branch" : "master",
        "revision" : "ad9d845d87ba2b506fd2eda70f8d5f7a019c9345"
      }
    },
    {
      "identity" : "plate",
      "kind" : "remoteSourceControl",
      "location" : "https://github.com/leviouwendijk/plate.git",
      "state" : {
        "branch" : "master",
        "revision" : "184a36b4859cbea8ffe5cec9526a367127b16250"
      }
    },
    {
      "identity" : "structures",
      "kind" : "remoteSourceControl",
      "location" : "https://github.com/leviouwendijk/Structures.git",
      "state" : {
        "branch" : "master",
        "revision" : "ee6c6836b897caff5a2f9111351976264a043076"
      }
    }
  ],
  "version" : 3
}
